
Microsoft Visual Studio Solution File, Format Version 12.00
# Visual Studio Version 17
VisualStudioVersion = 17.10.34818.151
MinimumVisualStudioVersion = 10.0.40219.1
Project("{9A19103F-16F7-4668-BE54-9A1E7A4F7556}") = "BulkyAppRazor", "BulkyAppRazor.csproj", "{A1204C33-DE46-4069-A5F9-D65A3163B04A}"
EndProject
Global
	GlobalSection(SolutionConfigurationPlatforms) = preSolution
		Debug|Any CPU = Debug|Any CPU
		Release|Any CPU = Release|Any CPU
	EndGlobalSection
	GlobalSection(ProjectConfigurationPlatforms) = postSolution
		{A1204C33-DE46-4069-A5F9-D65A3163B04A}.Debug|Any CPU.ActiveCfg = Debug|Any CPU
		{A1204C33-DE46-4069-A5F9-D65A3163B04A}.Debug|Any CPU.Build.0 = Debug|Any CPU
		{A1204C33-DE46-4069-A5F9-D65A3163B04A}.Release|Any CPU.ActiveCfg = Release|Any CPU
		{A1204C33-DE46-4069-A5F9-D65A3163B04A}.Release|Any CPU.Build.0 = Release|Any CPU
	EndGlobalSection
	GlobalSection(SolutionProperties) = preSolution
		HideSolutionNode = FALSE
	EndGlobalSection
	GlobalSection(ExtensibilityGlobals) = postSolution
		SolutionGuid = {D4770E6F-9EED-4A9C-BDC2-E81B203E113D}
	EndGlobalSection
EndGlobal
